// !$*UTF8*$!
{
	archiveVersion = 1;
	classes = {
	};
	objectVersion = 50;
	objects = {

/* Begin PBXBuildFile section */
		8E2CEF8A25869E9C003B2EAA /* AppDelegate.swift in Sources */ = {isa = PBXBuildFile; fileRef = 8E2CEF8925869E9C003B2EAA /* AppDelegate.swift */; };
		8E2CEF8C25869E9C003B2EAA /* SceneDelegate.swift in Sources */ = {isa = PBXBuildFile; fileRef = 8E2CEF8B25869E9C003B2EAA /* SceneDelegate.swift */; };
		8E2CEF9325869EA3003B2EAA /* Assets.xcassets in Resources */ = {isa = PBXBuildFile; fileRef = 8E2CEF9225869EA3003B2EAA /* Assets.xcassets */; };
		8E2CEF9625869EA3003B2EAA /* LaunchScreen.storyboard in Resources */ = {isa = PBXBuildFile; fileRef = 8E2CEF9425869EA3003B2EAA /* LaunchScreen.storyboard */; };
		8E2CEFA825869FC7003B2EAA /* WeatherViewController.swift in Sources */ = {isa = PBXBuildFile; fileRef = 8E2CEFA025869FC7003B2EAA /* WeatherViewController.swift */; };
		8E2CEFA925869FC7003B2EAA /* WeatherData.swift in Sources */ = {isa = PBXBuildFile; fileRef = 8E2CEFA225869FC7003B2EAA /* WeatherData.swift */; };
		8E2CEFAA25869FC7003B2EAA /* WeatherModel.swift in Sources */ = {isa = PBXBuildFile; fileRef = 8E2CEFA325869FC7003B2EAA /* WeatherModel.swift */; };
		8E2CEFAB25869FC7003B2EAA /* WeatherManager.swift in Sources */ = {isa = PBXBuildFile; fileRef = 8E2CEFA425869FC7003B2EAA /* WeatherManager.swift */; };
		8E2CEFAC25869FC7003B2EAA /* Main.storyboard in Resources */ = {isa = PBXBuildFile; fileRef = 8E2CEFA625869FC7003B2EAA /* Main.storyboard */; };
/* End PBXBuildFile section */

/* Begin PBXFileReference section */
		8E2CEF8625869E9C003B2EAA /* WeatherApp.app */ = {isa = PBXFileReference; explicitFileType = wrapper.application; includeInIndex = 0; path = WeatherApp.app; sourceTree = BUILT_PRODUCTS_DIR; };
		8E2CEF8925869E9C003B2EAA /* AppDelegate.swift */ = {isa = PBXFileReference; lastKnownFileType = sourcecode.swift; path = AppDelegate.swift; sourceTree = "<group>"; };
		8E2CEF8B25869E9C003B2EAA /* SceneDelegate.swift */ = {isa = PBXFileReference; lastKnownFileType = sourcecode.swift; path = SceneDelegate.swift; sourceTree = "<group>"; };
		8E2CEF9225869EA3003B2EAA /* Assets.xcassets */ = {isa = PBXFileReference; lastKnownFileType = folder.assetcatalog; path = Assets.xcassets; sourceTree = "<group>"; };
		8E2CEF9525869EA3003B2EAA /* Base */ = {isa = PBXFileReference; lastKnownFileType = file.storyboard; name = Base; path = Base.lproj/LaunchScreen.storyboard; sourceTree = "<group>"; };
		8E2CEF9725869EA3003B2EAA /* Info.plist */ = {isa = PBXFileReference; lastKnownFileType = text.plist.xml; path = Info.plist; sourceTree = "<group>"; };
		8E2CEFA025869FC7003B2EAA /* WeatherViewController.swift */ = {isa = PBXFileReference; fileEncoding = 4; lastKnownFileType = sourcecode.swift; path = WeatherViewController.swift; sourceTree = "<group>"; };
		8E2CEFA225869FC7003B2EAA /* WeatherData.swift */ = {isa = PBXFileReference; fileEncoding = 4; lastKnownFileType = sourcecode.swift; path = WeatherData.swift; sourceTree = "<group>"; };
		8E2CEFA325869FC7003B2EAA /* WeatherModel.swift */ = {isa = PBXFileReference; fileEncoding = 4; lastKnownFileType = sourcecode.swift; path = WeatherModel.swift; sourceTree = "<group>"; };
		8E2CEFA425869FC7003B2EAA /* WeatherManager.swift */ = {isa = PBXFileReference; fileEncoding = 4; lastKnownFileType = sourcecode.swift; path = WeatherManager.swift; sourceTree = "<group>"; };
		8E2CEFA725869FC7003B2EAA /* Base */ = {isa = PBXFileReference; lastKnownFileType = file.storyboard; name = Base; path = Base.lproj/Main.storyboard; sourceTree = "<group>"; };
/* End PBXFileReference section */

/* Begin PBXFrameworksBuildPhase section */
		8E2CEF8325869E9B003B2EAA /* Frameworks */ = {
			isa = PBXFrameworksBuildPhase;
			buildActionMask = 2147483647;
			files = (
			);
			runOnlyForDeploymentPostprocessing = 0;
		};
/* End PBXFrameworksBuildPhase section */

/* Begin PBXGroup section */
		8E2CEF7D25869E9B003B2EAA = {
			isa = PBXGroup;
			children = (
				8E2CEF8825869E9C003B2EAA /* WeatherApp */,
				8E2CEF8725869E9C003B2EAA /* Products */,
			);
			sourceTree = "<group>";
		};
		8E2CEF8725869E9C003B2EAA /* Products */ = {
			isa = PBXGroup;
			children = (
				8E2CEF8625869E9C003B2EAA /* WeatherApp.app */,
			);
			name = Products;
			sourceTree = "<group>";
		};
		8E2CEF8825869E9C003B2EAA /* WeatherApp */ = {
			isa = PBXGroup;
			children = (
				8E2CEF8925869E9C003B2EAA /* AppDelegate.swift */,
				8E2CEF8B25869E9C003B2EAA /* SceneDelegate.swift */,
				8E2CEFA125869FC7003B2EAA /* Model */,
				8E2CEFA525869FC7003B2EAA /* View */,
				8E2CEF9F25869FC7003B2EAA /* Controller */,
				8E2CEF9225869EA3003B2EAA /* Assets.xcassets */,
				8E2CEF9425869EA3003B2EAA /* LaunchScreen.storyboard */,
				8E2CEF9725869EA3003B2EAA /* Info.plist */,
			);
			path = WeatherApp;
			sourceTree = "<group>";
		};
		8E2CEF9F25869FC7003B2EAA /* Controller */ = {
			isa = PBXGroup;
			children = (
				8E2CEFA025869FC7003B2EAA /* WeatherViewController.swift */,
			);
			path = Controller;
			sourceTree = "<group>";
		};
		8E2CEFA125869FC7003B2EAA /* Model */ = {
			isa = PBXGroup;
			children = (
				8E2CEFA225869FC7003B2EAA /* WeatherData.swift */,
				8E2CEFA325869FC7003B2EAA /* WeatherModel.swift */,
				8E2CEFA425869FC7003B2EAA /* WeatherManager.swift */,
			);
			path = Model;
			sourceTree = "<group>";
		};
		8E2CEFA525869FC7003B2EAA /* View */ = {
			isa = PBXGroup;
			children = (
				8E2CEFA625869FC7003B2EAA /* Main.storyboard */,
			);
			path = View;
			sourceTree = "<group>";
		};
/* End PBXGroup section */

/* Begin PBXNativeTarget section */
		8E2CEF8525869E9B003B2EAA /* WeatherApp */ = {
			isa = PBXNativeTarget;
			buildConfigurationList = 8E2CEF9A25869EA3003B2EAA /* Build configuration list for PBXNativeTarget "WeatherApp" */;
			buildPhases = (
				8E2CEF8225869E9B003B2EAA /* Sources */,
				8E2CEF8325869E9B003B2EAA /* Frameworks */,
				8E2CEF8425869E9B003B2EAA /* Resources */,
			);
			buildRules = (
			);
			dependencies = (
			);
			name = WeatherApp;
			productName = WeatherApp;
			productReference = 8E2CEF8625869E9C003B2EAA /* WeatherApp.app */;
			productType = "com.apple.product-type.application";
		};
/* End PBXNativeTarget section */

/* Begin PBXProject section */
		8E2CEF7E25869E9B003B2EAA /* Project object */ = {
			isa = PBXProject;
			attributes = {
				LastSwiftUpdateCheck = 1160;
				LastUpgradeCheck = 1160;
				ORGANIZATIONNAME = "Mo Elahmady";
				TargetAttributes = {
					8E2CEF8525869E9B003B2EAA = {
						CreatedOnToolsVersion = 11.6;
					};
				};
			};
			buildConfigurationList = 8E2CEF8125869E9B003B2EAA /* Build configuration list for PBXProject "WeatherApp" */;
			compatibilityVersion = "Xcode 9.3";
			developmentRegion = en;
			hasScannedForEncodings = 0;
			knownRegions = (
				en,
				Base,
			);
			mainGroup = 8E2CEF7D25869E9B003B2EAA;
			productRefGroup = 8E2CEF8725869E9C003B2EAA /* Products */;
			projectDirPath = "";
			projectRoot = "";
			targets = (
				8E2CEF8525869E9B003B2EAA /* WeatherApp */,
			);
		};
/* End PBXProject section */

/* Begin PBXResourcesBuildPhase section */
		8E2CEF8425869E9B003B2EAA /* Resources */ = {
			isa = PBXResourcesBuildPhase;
			buildActionMask = 2147483647;
			files = (
				8E2CEFAC25869FC7003B2EAA /* Main.storyboard in Resources */,
				8E2CEF9625869EA3003B2EAA /* LaunchScreen.storyboard in Resources */,
				8E2CEF9325869EA3003B2EAA /* Assets.xcassets in Resources */,
			);
			runOnlyForDeploymentPostprocessing = 0;
		};
/* End PBXResourcesBuildPhase section */

/* Begin PBXSourcesBuildPhase section */
		8E2CEF8225869E9B003B2EAA /* Sources */ = {
			isa = PBXSourcesBuildPhase;
			buildActionMask = 2147483647;
			files = (
				8E2CEFAB25869FC7003B2EAA /* WeatherManager.swift in Sources */,
				8E2CEF8A25869E9C003B2EAA /* AppDelegate.swift in Sources */,
				8E2CEFA825869FC7003B2EAA /* WeatherViewController.swift in Sources */,
				8E2CEFA925869FC7003B2EAA /* WeatherData.swift in Sources */,
				8E2CEF8C25869E9C003B2EAA /* SceneDelegate.swift in Sources */,
				8E2CEFAA25869FC7003B2EAA /* WeatherModel.swift in Sources */,
			);
			runOnlyForDeploymentPostprocessing = 0;
		};
/* End PBXSourcesBuildPhase section */

/* Begin PBXVariantGroup section */
		8E2CEF9425869EA3003B2EAA /* LaunchScreen.storyboard */ = {
			isa = PBXVariantGroup;
			children = (
				8E2CEF9525869EA3003B2EAA /* Base */,
			);
			name = LaunchScreen.storyboard;
			sourceTree = "<group>";
		};
		8E2CEFA625869FC7003B2EAA /* Main.storyboard */ = {
			isa = PBXVariantGroup;
			children = (
				8E2CEFA725869FC7003B2EAA /* Base */,
			);
			name = Main.storyboard;
			sourceTree = "<group>";
		};
/* End PBXVariantGroup section */

/* Begin XCBuildConfiguration section */
		8E2CEF9825869EA3003B2EAA /* Debug */ = {
			isa = XCBuildConfiguration;
			buildSettings = {
				ALWAYS_SEARCH_USER_PATHS = NO;
				CLANG_ANALYZER_NONNULL = YES;
				CLANG_ANALYZER_NUMBER_OBJECT_CONVERSION = YES_AGGRESSIVE;
				CLANG_CXX_LANGUAGE_STANDARD = "gnu++14";
				CLANG_CXX_LIBRARY = "libc++";
				CLANG_ENABLE_MODULES = YES;
				CLANG_ENABLE_OBJC_ARC = YES;
				CLANG_ENABLE_OBJC_WEAK = YES;
				CLANG_WARN_BLOCK_CAPTURE_AUTORELEASING = YES;
				CLANG_WARN_BOOL_CONVERSION = YES;
				CLANG_WARN_COMMA = YES;
				CLANG_WARN_CONSTANT_CONVERSION = YES;
				CLANG_WARN_DEPRECATED_OBJC_IMPLEMENTATIONS = YES;
				CLANG_WARN_DIRECT_OBJC_ISA_USAGE = YES_ERROR;
				CLANG_WARN_DOCUMENTATION_COMMENTS = YES;
				CLANG_WARN_EMPTY_BODY = YES;
				CLANG_WARN_ENUM_CONVERSION = YES;
				CLANG_WARN_INFINITE_RECURSION = YES;
				CLANG_WARN_INT_CONVERSION = YES;
				CLANG_WARN_NON_LITERAL_NULL_CONVERSION = YES;
				CLANG_WARN_OBJC_IMPLICIT_RETAIN_SELF = YES;
				CLANG_WARN_OBJC_LITERAL_CONVERSION = YES;
				CLANG_WARN_OBJC_ROOT_CLASS = YES_ERROR;
				CLANG_WARN_RANGE_LOOP_ANALYSIS = YES;
				CLANG_WARN_STRICT_PROTOTYPES = YES;
				CLANG_WARN_SUSPICIOUS_MOVE = YES;
				CLANG_WARN_UNGUARDED_AVAILABILITY = YES_AGGRESSIVE;
				CLANG_WARN_UNREACHABLE_CODE = YES;
				CLANG_WARN__DUPLICATE_METHOD_MATCH = YES;
				COPY_PHASE_STRIP = NO;
				DEBUG_INFORMATION_FORMAT = dwarf;
				ENABLE_STRICT_OBJC_MSGSEND = YES;
				ENABLE_TESTABILITY = YES;
				GCC_C_LANGUAGE_STANDARD = gnu11;
				GCC_DYNAMIC_NO_PIC = NO;
				GCC_NO_COMMON_BLOCKS = YES;
				GCC_OPTIMIZATION_LEVEL = 0;
				GCC_PREPROCESSOR_DEFINITIONS = (
					"DEBUG=1",
					"$(inherited)",
				);
				GCC_WARN_64_TO_32_BIT_CONVERSION = YES;
				GCC_WARN_ABOUT_RETURN_TYPE = YES_ERROR;
				GCC_WARN_UNDECLARED_SELECTOR = YES;
				GCC_WARN_UNINITIALIZED_AUTOS = YES_AGGRESSIVE;
				GCC_WARN_UNUSED_FUNCTION = YES;
				GCC_WARN_UNUSED_VARIABLE = YES;
				IPHONEOS_DEPLOYMENT_TARGET = 13.6;
				MTL_ENABLE_DEBUG_INFO = INCLUDE_SOURCE;
				MTL_FAST_MATH = YES;
				ONLY_ACTIVE_ARCH = YES;
				SDKROOT = iphoneos;
				SWIFT_ACTIVE_COMPILATION_CONDITIONS = DEBUG;
				SWIFT_OPTIMIZATION_LEVEL = "-Onone";
			};
			name = Debug;
		};
		8E2CEF9925869EA3003B2EAA /* Release */ = {
			isa = XCBuildConfiguration;
			buildSettings = {
				ALWAYS_SEARCH_USER_PATHS = NO;
				CLANG_ANALYZER_NONNULL = YES;
				CLANG_ANALYZER_NUMBER_OBJECT_CONVERSION = YES_AGGRESSIVE;
				CLANG_CXX_LANGUAGE_STANDARD = "gnu++14";
				CLANG_CXX_LIBRARY = "libc++";
				CLANG_ENABLE_MODULES = YES;
				CLANG_ENABLE_OBJC_ARC = YES;
				CLANG_ENABLE_OBJC_WEAK = YES;
				CLANG_WARN_BLOCK_CAPTURE_AUTORELEASING = YES;
				CLANG_WARN_BOOL_CONVERSION = YES;
				CLANG_WARN_COMMA = YES;
				CLANG_WARN_CONSTANT_CONVERSION = YES;
				CLANG_WARN_DEPRECATED_OBJC_IMPLEMENTATIONS = YES;
				CLANG_WARN_DIRECT_OBJC_ISA_USAGE = YES_ERROR;
				CLANG_WARN_DOCUMENTATION_COMMENTS = YES;
				CLANG_WARN_EMPTY_BODY = YES;
				CLANG_WARN_ENUM_CONVERSION = YES;
				CLANG_WARN_INFINITE_RECURSION = YES;
				CLANG_WARN_INT_CONVERSION = YES;
				CLANG_WARN_NON_LITERAL_NULL_CONVERSION = YES;
				CLANG_WARN_OBJC_IMPLICIT_RETAIN_SELF = YES;
				CLANG_WARN_OBJC_LITERAL_CONVERSION = YES;
				CLANG_WARN_OBJC_ROOT_CLASS = YES_ERROR;
				CLANG_WARN_RANGE_LOOP_ANALYSIS = YES;
				CLANG_WARN_STRICT_PROTOTYPES = YES;
				CLANG_WARN_SUSPICIOUS_MOVE = YES;
				CLANG_WARN_UNGUARDED_AVAILABILITY = YES_AGGRESSIVE;
				CLANG_WARN_UNREACHABLE_CODE = YES;
				CLANG_WARN__DUPLICATE_METHOD_MATCH = YES;
				COPY_PHASE_STRIP = NO;
				DEBUG_INFORMATION_FORMAT = "dwarf-with-dsym";
				ENABLE_NS_ASSERTIONS = NO;
				ENABLE_STRICT_OBJC_MSGSEND = YES;
				GCC_C_LANGUAGE_STANDARD = gnu11;
				GCC_NO_COMMON_BLOCKS = YES;
				GCC_WARN_64_TO_32_BIT_CONVERSION = YES;
				GCC_WARN_ABOUT_RETURN_TYPE = YES_ERROR;
				GCC_WARN_UNDECLARED_SELECTOR = YES;
				GCC_WARN_UNINITIALIZED_AUTOS = YES_AGGRESSIVE;
				GCC_WARN_UNUSED_FUNCTION = YES;
				GCC_WARN_UNUSED_VARIABLE = YES;
				IPHONEOS_DEPLOYMENT_TARGET = 13.6;
				MTL_ENABLE_DEBUG_INFO = NO;
				MTL_FAST_MATH = YES;
				SDKROOT = iphoneos;
				SWIFT_COMPILATION_MODE = wholemodule;
				SWIFT_OPTIMIZATION_LEVEL = "-O";
				VALIDATE_PRODUCT = YES;
			};
			name = Release;
		};
		8E2CEF9B25869EA3003B2EAA /* Debug */ = {
			isa = XCBuildConfiguration;
			buildSettings = {
				ASSETCATALOG_COMPILER_APPICON_NAME = AppIcon;
				CODE_SIGN_STYLE = Automatic;
				INFOPLIST_FILE = WeatherApp/Info.plist;
				LD_RUNPATH_SEARCH_PATHS = (
					"$(inherited)",
					"@executable_path/Frameworks",
				);
				PRODUCT_BUNDLE_IDENTIFIER = com.mo.WeatherApp;
				PRODUCT_NAME = "$(TARGET_NAME)";
				SWIFT_VERSION = 5.0;
				TARGETED_DEVICE_FAMILY = "1,2";
			};
			name = Debug;
		};
		8E2CEF9C25869EA3003B2EAA /* Release */ = {
			isa = XCBuildConfiguration;
			buildSettings = {
				ASSETCATALOG_COMPILER_APPICON_NAME = AppIcon;
				CODE_SIGN_STYLE = Automatic;
				INFOPLIST_FILE = WeatherApp/Info.plist;
				LD_RUNPATH_SEARCH_PATHS = (
					"$(inherited)",
					"@executable_path/Frameworks",
				);
				PRODUCT_BUNDLE_IDENTIFIER = com.mo.WeatherApp;
				PRODUCT_NAME = "$(TARGET_NAME)";
				SWIFT_VERSION = 5.0;
				TARGETED_DEVICE_FAMILY = "1,2";
			};
			name = Release;
		};
/* End XCBuildConfiguration section */

/* Begin XCConfigurationList section */
		8E2CEF8125869E9B003B2EAA /* Build configuration list for PBXProject "WeatherApp" */ = {
			isa = XCConfigurationList;
			buildConfigurations = (
				8E2CEF9825869EA3003B2EAA /* Debug */,
				8E2CEF9925869EA3003B2EAA /* Release */,
			);
			defaultConfigurationIsVisible = 0;
			defaultConfigurationName = Release;
		};
		8E2CEF9A25869EA3003B2EAA /* Build configuration list for PBXNativeTarget "WeatherApp" */ = {
			isa = XCConfigurationList;
			buildConfigurations = (
				8E2CEF9B25869EA3003B2EAA /* Debug */,
				8E2CEF9C25869EA3003B2EAA /* Release */,
			);
			defaultConfigurationIsVisible = 0;
			defaultConfigurationName = Release;
		};
/* End XCConfigurationList section */
	};
	rootObject = 8E2CEF7E25869E9B003B2EAA /* Project object */;
}
